
Microsoft Visual Studio Solution File, Format Version 12.00
# Visual Studio 2013
VisualStudioVersion = 12.0.40629.0
MinimumVisualStudioVersion = 10.0.40219.1
Project("{8BC9CEB8-8B4A-11D0-8D11-00A0C91BC942}") = "jsonparse", "jsonparse\jsonparse.vcxproj", "{DD6A7978-ACF4-413D-975B-15D0ADA9EDAA}"
EndProject
Project("{8BC9CEB8-8B4A-11D0-8D11-00A0C91BC942}") = "demo", "demo\demo.vcxproj", "{F5C106EE-DFA9-45B3-A51F-5CBCF344138F}"
EndProject
Global
	GlobalSection(SolutionConfigurationPlatforms) = preSolution
		Debug|Win32 = Debug|Win32
		Release|Win32 = Release|Win32
	EndGlobalSection
	GlobalSection(ProjectConfigurationPlatforms) = postSolution
		{DD6A7978-ACF4-413D-975B-15D0ADA9EDAA}.Debug|Win32.ActiveCfg = Debug|Win32
		{DD6A7978-ACF4-413D-975B-15D0ADA9EDAA}.Debug|Win32.Build.0 = Debug|Win32
		{DD6A7978-ACF4-413D-975B-15D0ADA9EDAA}.Release|Win32.ActiveCfg = Release|Win32
		{DD6A7978-ACF4-413D-975B-15D0ADA9EDAA}.Release|Win32.Build.0 = Release|Win32
		{F5C106EE-DFA9-45B3-A51F-5CBCF344138F}.Debug|Win32.ActiveCfg = Debug|Win32
		{F5C106EE-DFA9-45B3-A51F-5CBCF344138F}.Debug|Win32.Build.0 = Debug|Win32
		{F5C106EE-DFA9-45B3-A51F-5CBCF344138F}.Release|Win32.ActiveCfg = Release|Win32
		{F5C106EE-DFA9-45B3-A51F-5CBCF344138F}.Release|Win32.Build.0 = Release|Win32
	EndGlobalSection
	GlobalSection(SolutionProperties) = preSolution
		HideSolutionNode = FALSE
	EndGlobalSection
EndGlobal
